// !$*UTF8*$!
{
	archiveVersion = 1;
	classes = {
	};
	objectVersion = 46;
	objects = {

/* Begin PBXBuildFile section */
		023A88FC188E613F002465F4 /* Foundation.framework in Frameworks */ = {isa = PBXBuildFile; fileRef = 023A88FB188E613F002465F4 /* Foundation.framework */; };
		023A88FE188E613F002465F4 /* CoreGraphics.framework in Frameworks */ = {isa = PBXBuildFile; fileRef = 023A88FD188E613F002465F4 /* CoreGraphics.framework */; };
		023A8900188E613F002465F4 /* UIKit.framework in Frameworks */ = {isa = PBXBuildFile; fileRef = 023A88FF188E613F002465F4 /* UIKit.framework */; };
		023A8906188E613F002465F4 /* InfoPlist.strings in Resources */ = {isa = PBXBuildFile; fileRef = 023A8904188E613F002465F4 /* InfoPlist.strings */; };
		023A8908188E613F002465F4 /* main.m in Sources */ = {isa = PBXBuildFile; fileRef = 023A8907188E613F002465F4 /* main.m */; };
		023A890C188E613F002465F4 /* DIAppDelegate.m in Sources */ = {isa = PBXBuildFile; fileRef = 023A890B188E613F002465F4 /* DIAppDelegate.m */; };
		023A890E188E613F002465F4 /* Images.xcassets in Resources */ = {isa = PBXBuildFile; fileRef = 023A890D188E613F002465F4 /* Images.xcassets */; };
		023A8915188E613F002465F4 /* XCTest.framework in Frameworks */ = {isa = PBXBuildFile; fileRef = 023A8914188E613F002465F4 /* XCTest.framework */; };
		023A8916188E613F002465F4 /* Foundation.framework in Frameworks */ = {isa = PBXBuildFile; fileRef = 023A88FB188E613F002465F4 /* Foundation.framework */; };
		023A8917188E613F002465F4 /* UIKit.framework in Frameworks */ = {isa = PBXBuildFile; fileRef = 023A88FF188E613F002465F4 /* UIKit.framework */; };
		023A891F188E613F002465F4 /* InfoPlist.strings in Resources */ = {isa = PBXBuildFile; fileRef = 023A891D188E613F002465F4 /* InfoPlist.strings */; };
		023A8921188E613F002465F4 /* blockDemoTests.m in Sources */ = {isa = PBXBuildFile; fileRef = 023A8920188E613F002465F4 /* blockDemoTests.m */; };
		023A892C188E61E6002465F4 /* DIFirstViewController.m in Sources */ = {isa = PBXBuildFile; fileRef = 023A892B188E61E6002465F4 /* DIFirstViewController.m */; };
		023A892F188E61F5002465F4 /* DISecondViewController.m in Sources */ = {isa = PBXBuildFile; fileRef = 023A892E188E61F5002465F4 /* DISecondViewController.m */; };
/* End PBXBuildFile section */

/* Begin PBXContainerItemProxy section */
		023A8918188E613F002465F4 /* PBXContainerItemProxy */ = {
			isa = PBXContainerItemProxy;
			containerPortal = 023A88F0188E613F002465F4 /* Project object */;
			proxyType = 1;
			remoteGlobalIDString = 023A88F7188E613F002465F4;
			remoteInfo = blockDemo;
		};
/* End PBXContainerItemProxy section */

/* Begin PBXFileReference section */
		023A88F8188E613F002465F4 /* blockDemo.app */ = {isa = PBXFileReference; explicitFileType = wrapper.application; includeInIndex = 0; path = blockDemo.app; sourceTree = BUILT_PRODUCTS_DIR; };
		023A88FB188E613F002465F4 /* Foundation.framework */ = {isa = PBXFileReference; lastKnownFileType = wrapper.framework; name = Foundation.framework; path = System/Library/Frameworks/Foundation.framework; sourceTree = SDKROOT; };
		023A88FD188E613F002465F4 /* CoreGraphics.framework */ = {isa = PBXFileReference; lastKnownFileType = wrapper.framework; name = CoreGraphics.framework; path = System/Library/Frameworks/CoreGraphics.framework; sourceTree = SDKROOT; };
		023A88FF188E613F002465F4 /* UIKit.framework */ = {isa = PBXFileReference; lastKnownFileType = wrapper.framework; name = UIKit.framework; path = System/Library/Frameworks/UIKit.framework; sourceTree = SDKROOT; };
		023A8903188E613F002465F4 /* blockDemo-Info.plist */ = {isa = PBXFileReference; lastKnownFileType = text.plist.xml; path = "blockDemo-Info.plist"; sourceTree = "<group>"; };
		023A8905188E613F002465F4 /* en */ = {isa = PBXFileReference; lastKnownFileType = text.plist.strings; name = en; path = en.lproj/InfoPlist.strings; sourceTree = "<group>"; };
		023A8907188E613F002465F4 /* main.m */ = {isa = PBXFileReference; lastKnownFileType = sourcecode.c.objc; path = main.m; sourceTree = "<group>"; };
		023A8909188E613F002465F4 /* blockDemo-Prefix.pch */ = {isa = PBXFileReference; lastKnownFileType = sourcecode.c.h; path = "blockDemo-Prefix.pch"; sourceTree = "<group>"; };
		023A890A188E613F002465F4 /* DIAppDelegate.h */ = {isa = PBXFileReference; lastKnownFileType = sourcecode.c.h; path = DIAppDelegate.h; sourceTree = "<group>"; };
		023A890B188E613F002465F4 /* DIAppDelegate.m */ = {isa = PBXFileReference; lastKnownFileType = sourcecode.c.objc; path = DIAppDelegate.m; sourceTree = "<group>"; };
		023A890D188E613F002465F4 /* Images.xcassets */ = {isa = PBXFileReference; lastKnownFileType = folder.assetcatalog; path = Images.xcassets; sourceTree = "<group>"; };
		023A8913188E613F002465F4 /* blockDemoTests.xctest */ = {isa = PBXFileReference; explicitFileType = wrapper.cfbundle; includeInIndex = 0; path = blockDemoTests.xctest; sourceTree = BUILT_PRODUCTS_DIR; };
		023A8914188E613F002465F4 /* XCTest.framework */ = {isa = PBXFileReference; lastKnownFileType = wrapper.framework; name = XCTest.framework; path = Library/Frameworks/XCTest.framework; sourceTree = DEVELOPER_DIR; };
		023A891C188E613F002465F4 /* blockDemoTests-Info.plist */ = {isa = PBXFileReference; lastKnownFileType = text.plist.xml; path = "blockDemoTests-Info.plist"; sourceTree = "<group>"; };
		023A891E188E613F002465F4 /* en */ = {isa = PBXFileReference; lastKnownFileType = text.plist.strings; name = en; path = en.lproj/InfoPlist.strings; sourceTree = "<group>"; };
		023A8920188E613F002465F4 /* blockDemoTests.m */ = {isa = PBXFileReference; lastKnownFileType = sourcecode.c.objc; path = blockDemoTests.m; sourceTree = "<group>"; };
		023A892A188E61E6002465F4 /* DIFirstViewController.h */ = {isa = PBXFileReference; fileEncoding = 4; lastKnownFileType = sourcecode.c.h; path = DIFirstViewController.h; sourceTree = "<group>"; };
		023A892B188E61E6002465F4 /* DIFirstViewController.m */ = {isa = PBXFileReference; fileEncoding = 4; lastKnownFileType = sourcecode.c.objc; path = DIFirstViewController.m; sourceTree = "<group>"; };
		023A892D188E61F5002465F4 /* DISecondViewController.h */ = {isa = PBXFileReference; fileEncoding = 4; lastKnownFileType = sourcecode.c.h; path = DISecondViewController.h; sourceTree = "<group>"; };
		023A892E188E61F5002465F4 /* DISecondViewController.m */ = {isa = PBXFileReference; fileEncoding = 4; lastKnownFileType = sourcecode.c.objc; path = DISecondViewController.m; sourceTree = "<group>"; };
/* End PBXFileReference section */

/* Begin PBXFrameworksBuildPhase section */
		023A88F5188E613F002465F4 /* Frameworks */ = {
			isa = PBXFrameworksBuildPhase;
			buildActionMask = 2147483647;
			files = (
				023A88FE188E613F002465F4 /* CoreGraphics.framework in Frameworks */,
				023A8900188E613F002465F4 /* UIKit.framework in Frameworks */,
				023A88FC188E613F002465F4 /* Foundation.framework in Frameworks */,
			);
			runOnlyForDeploymentPostprocessing = 0;
		};
		023A8910188E613F002465F4 /* Frameworks */ = {
			isa = PBXFrameworksBuildPhase;
			buildActionMask = 2147483647;
			files = (
				023A8915188E613F002465F4 /* XCTest.framework in Frameworks */,
				023A8917188E613F002465F4 /* UIKit.framework in Frameworks */,
				023A8916188E613F002465F4 /* Foundation.framework in Frameworks */,
			);
			runOnlyForDeploymentPostprocessing = 0;
		};
/* End PBXFrameworksBuildPhase section */

/* Begin PBXGroup section */
		023A88EF188E613F002465F4 = {
			isa = PBXGroup;
			children = (
				023A8901188E613F002465F4 /* blockDemo */,
				023A891A188E613F002465F4 /* blockDemoTests */,
				023A88FA188E613F002465F4 /* Frameworks */,
				023A88F9188E613F002465F4 /* Products */,
			);
			sourceTree = "<group>";
		};
		023A88F9188E613F002465F4 /* Products */ = {
			isa = PBXGroup;
			children = (
				023A88F8188E613F002465F4 /* blockDemo.app */,
				023A8913188E613F002465F4 /* blockDemoTests.xctest */,
			);
			name = Products;
			sourceTree = "<group>";
		};
		023A88FA188E613F002465F4 /* Frameworks */ = {
			isa = PBXGroup;
			children = (
				023A88FB188E613F002465F4 /* Foundation.framework */,
				023A88FD188E613F002465F4 /* CoreGraphics.framework */,
				023A88FF188E613F002465F4 /* UIKit.framework */,
				023A8914188E613F002465F4 /* XCTest.framework */,
			);
			name = Frameworks;
			sourceTree = "<group>";
		};
		023A8901188E613F002465F4 /* blockDemo */ = {
			isa = PBXGroup;
			children = (
				023A890A188E613F002465F4 /* DIAppDelegate.h */,
				023A890B188E613F002465F4 /* DIAppDelegate.m */,
				023A890D188E613F002465F4 /* Images.xcassets */,
				023A8902188E613F002465F4 /* Supporting Files */,
				023A892A188E61E6002465F4 /* DIFirstViewController.h */,
				023A892B188E61E6002465F4 /* DIFirstViewController.m */,
				023A892D188E61F5002465F4 /* DISecondViewController.h */,
				023A892E188E61F5002465F4 /* DISecondViewController.m */,
			);
			path = blockDemo;
			sourceTree = "<group>";
		};
		023A8902188E613F002465F4 /* Supporting Files */ = {
			isa = PBXGroup;
			children = (
				023A8903188E613F002465F4 /* blockDemo-Info.plist */,
				023A8904188E613F002465F4 /* InfoPlist.strings */,
				023A8907188E613F002465F4 /* main.m */,
				023A8909188E613F002465F4 /* blockDemo-Prefix.pch */,
			);
			name = "Supporting Files";
			sourceTree = "<group>";
		};
		023A891A188E613F002465F4 /* blockDemoTests */ = {
			isa = PBXGroup;
			children = (
				023A8920188E613F002465F4 /* blockDemoTests.m */,
				023A891B188E613F002465F4 /* Supporting Files */,
			);
			path = blockDemoTests;
			sourceTree = "<group>";
		};
		023A891B188E613F002465F4 /* Supporting Files */ = {
			isa = PBXGroup;
			children = (
				023A891C188E613F002465F4 /* blockDemoTests-Info.plist */,
				023A891D188E613F002465F4 /* InfoPlist.strings */,
			);
			name = "Supporting Files";
			sourceTree = "<group>";
		};
/* End PBXGroup section */

/* Begin PBXNativeTarget section */
		023A88F7188E613F002465F4 /* blockDemo */ = {
			isa = PBXNativeTarget;
			buildConfigurationList = 023A8924188E613F002465F4 /* Build configuration list for PBXNativeTarget "blockDemo" */;
			buildPhases = (
				023A88F4188E613F002465F4 /* Sources */,
				023A88F5188E613F002465F4 /* Frameworks */,
				023A88F6188E613F002465F4 /* Resources */,
			);
			buildRules = (
			);
			dependencies = (
			);
			name = blockDemo;
			productName = blockDemo;
			productReference = 023A88F8188E613F002465F4 /* blockDemo.app */;
			productType = "com.apple.product-type.application";
		};
		023A8912188E613F002465F4 /* blockDemoTests */ = {
			isa = PBXNativeTarget;
			buildConfigurationList = 023A8927188E613F002465F4 /* Build configuration list for PBXNativeTarget "blockDemoTests" */;
			buildPhases = (
				023A890F188E613F002465F4 /* Sources */,
				023A8910188E613F002465F4 /* Frameworks */,
				023A8911188E613F002465F4 /* Resources */,
			);
			buildRules = (
			);
			dependencies = (
				023A8919188E613F002465F4 /* PBXTargetDependency */,
			);
			name = blockDemoTests;
			productName = blockDemoTests;
			productReference = 023A8913188E613F002465F4 /* blockDemoTests.xctest */;
			productType = "com.apple.product-type.bundle.unit-test";
		};
/* End PBXNativeTarget section */

/* Begin PBXProject section */
		023A88F0188E613F002465F4 /* Project object */ = {
			isa = PBXProject;
			attributes = {
				CLASSPREFIX = DI;
				LastUpgradeCheck = 0500;
				ORGANIZATIONNAME = dooioo;
				TargetAttributes = {
					023A8912188E613F002465F4 = {
						TestTargetID = 023A88F7188E613F002465F4;
					};
				};
			};
			buildConfigurationList = 023A88F3188E613F002465F4 /* Build configuration list for PBXProject "blockDemo" */;
			compatibilityVersion = "Xcode 3.2";
			developmentRegion = English;
			hasScannedForEncodings = 0;
			knownRegions = (
				en,
			);
			mainGroup = 023A88EF188E613F002465F4;
			productRefGroup = 023A88F9188E613F002465F4 /* Products */;
			projectDirPath = "";
			projectRoot = "";
			targets = (
				023A88F7188E613F002465F4 /* blockDemo */,
				023A8912188E613F002465F4 /* blockDemoTests */,
			);
		};
/* End PBXProject section */

/* Begin PBXResourcesBuildPhase section */
		023A88F6188E613F002465F4 /* Resources */ = {
			isa = PBXResourcesBuildPhase;
			buildActionMask = 2147483647;
			files = (
				023A8906188E613F002465F4 /* InfoPlist.strings in Resources */,
				023A890E188E613F002465F4 /* Images.xcassets in Resources */,
			);
			runOnlyForDeploymentPostprocessing = 0;
		};
		023A8911188E613F002465F4 /* Resources */ = {
			isa = PBXResourcesBuildPhase;
			buildActionMask = 2147483647;
			files = (
				023A891F188E613F002465F4 /* InfoPlist.strings in Resources */,
			);
			runOnlyForDeploymentPostprocessing = 0;
		};
/* End PBXResourcesBuildPhase section */

/* Begin PBXSourcesBuildPhase section */
		023A88F4188E613F002465F4 /* Sources */ = {
			isa = PBXSourcesBuildPhase;
			buildActionMask = 2147483647;
			files = (
				023A892C188E61E6002465F4 /* DIFirstViewController.m in Sources */,
				023A8908188E613F002465F4 /* main.m in Sources */,
				023A890C188E613F002465F4 /* DIAppDelegate.m in Sources */,
				023A892F188E61F5002465F4 /* DISecondViewController.m in Sources */,
			);
			runOnlyForDeploymentPostprocessing = 0;
		};
		023A890F188E613F002465F4 /* Sources */ = {
			isa = PBXSourcesBuildPhase;
			buildActionMask = 2147483647;
			files = (
				023A8921188E613F002465F4 /* blockDemoTests.m in Sources */,
			);
			runOnlyForDeploymentPostprocessing = 0;
		};
/* End PBXSourcesBuildPhase section */

/* Begin PBXTargetDependency section */
		023A8919188E613F002465F4 /* PBXTargetDependency */ = {
			isa = PBXTargetDependency;
			target = 023A88F7188E613F002465F4 /* blockDemo */;
			targetProxy = 023A8918188E613F002465F4 /* PBXContainerItemProxy */;
		};
/* End PBXTargetDependency section */

/* Begin PBXVariantGroup section */
		023A8904188E613F002465F4 /* InfoPlist.strings */ = {
			isa = PBXVariantGroup;
			children = (
				023A8905188E613F002465F4 /* en */,
			);
			name = InfoPlist.strings;
			sourceTree = "<group>";
		};
		023A891D188E613F002465F4 /* InfoPlist.strings */ = {
			isa = PBXVariantGroup;
			children = (
				023A891E188E613F002465F4 /* en */,
			);
			name = InfoPlist.strings;
			sourceTree = "<group>";
		};
/* End PBXVariantGroup section */

/* Begin XCBuildConfiguration section */
		023A8922188E613F002465F4 /* Debug */ = {
			isa = XCBuildConfiguration;
			buildSettings = {
				ALWAYS_SEARCH_USER_PATHS = NO;
				ARCHS = "$(ARCHS_STANDARD_INCLUDING_64_BIT)";
				CLANG_CXX_LANGUAGE_STANDARD = "gnu++0x";
				CLANG_CXX_LIBRARY = "libc++";
				CLANG_ENABLE_MODULES = YES;
				CLANG_ENABLE_OBJC_ARC = YES;
				CLANG_WARN_BOOL_CONVERSION = YES;
				CLANG_WARN_CONSTANT_CONVERSION = YES;
				CLANG_WARN_DIRECT_OBJC_ISA_USAGE = YES_ERROR;
				CLANG_WARN_EMPTY_BODY = YES;
				CLANG_WARN_ENUM_CONVERSION = YES;
				CLANG_WARN_INT_CONVERSION = YES;
				CLANG_WARN_OBJC_ROOT_CLASS = YES_ERROR;
				CLANG_WARN__DUPLICATE_METHOD_MATCH = YES;
				"CODE_SIGN_IDENTITY[sdk=iphoneos*]" = "iPhone Developer";
				COPY_PHASE_STRIP = NO;
				GCC_C_LANGUAGE_STANDARD = gnu99;
				GCC_DYNAMIC_NO_PIC = NO;
				GCC_OPTIMIZATION_LEVEL = 0;
				GCC_PREPROCESSOR_DEFINITIONS = (
					"DEBUG=1",
					"$(inherited)",
				);
				GCC_SYMBOLS_PRIVATE_EXTERN = NO;
				GCC_WARN_64_TO_32_BIT_CONVERSION = YES;
				GCC_WARN_ABOUT_RETURN_TYPE = YES_ERROR;
				GCC_WARN_UNDECLARED_SELECTOR = YES;
				GCC_WARN_UNINITIALIZED_AUTOS = YES;
				GCC_WARN_UNUSED_FUNCTION = YES;
				GCC_WARN_UNUSED_VARIABLE = YES;
				IPHONEOS_DEPLOYMENT_TARGET = 7.0;
				ONLY_ACTIVE_ARCH = YES;
				SDKROOT = iphoneos;
			};
			name = Debug;
		};
		023A8923188E613F002465F4 /* Release */ = {
			isa = XCBuildConfiguration;
			buildSettings = {
				ALWAYS_SEARCH_USER_PATHS = NO;
				ARCHS = "$(ARCHS_STANDARD_INCLUDING_64_BIT)";
				CLANG_CXX_LANGUAGE_STANDARD = "gnu++0x";
				CLANG_CXX_LIBRARY = "libc++";
				CLANG_ENABLE_MODULES = YES;
				CLANG_ENABLE_OBJC_ARC = YES;
				CLANG_WARN_BOOL_CONVERSION = YES;
				CLANG_WARN_CONSTANT_CONVERSION = YES;
				CLANG_WARN_DIRECT_OBJC_ISA_USAGE = YES_ERROR;
				CLANG_WARN_EMPTY_BODY = YES;
				CLANG_WARN_ENUM_CONVERSION = YES;
				CLANG_WARN_INT_CONVERSION = YES;
				CLANG_WARN_OBJC_ROOT_CLASS = YES_ERROR;
				CLANG_WARN__DUPLICATE_METHOD_MATCH = YES;
				"CODE_SIGN_IDENTITY[sdk=iphoneos*]" = "iPhone Developer";
				COPY_PHASE_STRIP = YES;
				ENABLE_NS_ASSERTIONS = NO;
				GCC_C_LANGUAGE_STANDARD = gnu99;
				GCC_WARN_64_TO_32_BIT_CONVERSION = YES;
				GCC_WARN_ABOUT_RETURN_TYPE = YES_ERROR;
				GCC_WARN_UNDECLARED_SELECTOR = YES;
				GCC_WARN_UNINITIALIZED_AUTOS = YES;
				GCC_WARN_UNUSED_FUNCTION = YES;
				GCC_WARN_UNUSED_VARIABLE = YES;
				IPHONEOS_DEPLOYMENT_TARGET = 7.0;
				SDKROOT = iphoneos;
				VALIDATE_PRODUCT = YES;
			};
			name = Release;
		};
		023A8925188E613F002465F4 /* Debug */ = {
			isa = XCBuildConfiguration;
			buildSettings = {
				ASSETCATALOG_COMPILER_APPICON_NAME = AppIcon;
				ASSETCATALOG_COMPILER_LAUNCHIMAGE_NAME = LaunchImage;
				GCC_PRECOMPILE_PREFIX_HEADER = YES;
				GCC_PREFIX_HEADER = "blockDemo/blockDemo-Prefix.pch";
				INFOPLIST_FILE = "blockDemo/blockDemo-Info.plist";
				PRODUCT_NAME = "$(TARGET_NAME)";
				WRAPPER_EXTENSION = app;
			};
			name = Debug;
		};
		023A8926188E613F002465F4 /* Release */ = {
			isa = XCBuildConfiguration;
			buildSettings = {
				ASSETCATALOG_COMPILER_APPICON_NAME = AppIcon;
				ASSETCATALOG_COMPILER_LAUNCHIMAGE_NAME = LaunchImage;
				GCC_PRECOMPILE_PREFIX_HEADER = YES;
				GCC_PREFIX_HEADER = "blockDemo/blockDemo-Prefix.pch";
				INFOPLIST_FILE = "blockDemo/blockDemo-Info.plist";
				PRODUCT_NAME = "$(TARGET_NAME)";
				WRAPPER_EXTENSION = app;
			};
			name = Release;
		};
		023A8928188E613F002465F4 /* Debug */ = {
			isa = XCBuildConfiguration;
			buildSettings = {
				ARCHS = "$(ARCHS_STANDARD_INCLUDING_64_BIT)";
				BUNDLE_LOADER = "$(BUILT_PRODUCTS_DIR)/blockDemo.app/blockDemo";
				FRAMEWORK_SEARCH_PATHS = (
					"$(SDKROOT)/Developer/Library/Frameworks",
					"$(inherited)",
					"$(DEVELOPER_FRAMEWORKS_DIR)",
				);
				GCC_PRECOMPILE_PREFIX_HEADER = YES;
				GCC_PREFIX_HEADER = "blockDemo/blockDemo-Prefix.pch";
				GCC_PREPROCESSOR_DEFINITIONS = (
					"DEBUG=1",
					"$(inherited)",
				);
				INFOPLIST_FILE = "blockDemoTests/blockDemoTests-Info.plist";
				PRODUCT_NAME = "$(TARGET_NAME)";
				TEST_HOST = "$(BUNDLE_LOADER)";
				WRAPPER_EXTENSION = xctest;
			};
			name = Debug;
		};
		023A8929188E613F002465F4 /* Release */ = {
			isa = XCBuildConfiguration;
			buildSettings = {
				ARCHS = "$(ARCHS_STANDARD_INCLUDING_64_BIT)";
				BUNDLE_LOADER = "$(BUILT_PRODUCTS_DIR)/blockDemo.app/blockDemo";
				FRAMEWORK_SEARCH_PATHS = (
					"$(SDKROOT)/Developer/Library/Frameworks",
					"$(inherited)",
					"$(DEVELOPER_FRAMEWORKS_DIR)",
				);
				GCC_PRECOMPILE_PREFIX_HEADER = YES;
				GCC_PREFIX_HEADER = "blockDemo/blockDemo-Prefix.pch";
				INFOPLIST_FILE = "blockDemoTests/blockDemoTests-Info.plist";
				PRODUCT_NAME = "$(TARGET_NAME)";
				TEST_HOST = "$(BUNDLE_LOADER)";
				WRAPPER_EXTENSION = xctest;
			};
			name = Release;
		};
/* End XCBuildConfiguration section */

/* Begin XCConfigurationList section */
		023A88F3188E613F002465F4 /* Build configuration list for PBXProject "blockDemo" */ = {
			isa = XCConfigurationList;
			buildConfigurations = (
				023A8922188E613F002465F4 /* Debug */,
				023A8923188E613F002465F4 /* Release */,
			);
			defaultConfigurationIsVisible = 0;
			defaultConfigurationName = Release;
		};
		023A8924188E613F002465F4 /* Build configuration list for PBXNativeTarget "blockDemo" */ = {
			isa = XCConfigurationList;
			buildConfigurations = (
				023A8925188E613F002465F4 /* Debug */,
				023A8926188E613F002465F4 /* Release */,
			);
			defaultConfigurationIsVisible = 0;
			defaultConfigurationName = Release;
		};
		023A8927188E613F002465F4 /* Build configuration list for PBXNativeTarget "blockDemoTests" */ = {
			isa = XCConfigurationList;
			buildConfigurations = (
				023A8928188E613F002465F4 /* Debug */,
				023A8929188E613F002465F4 /* Release */,
			);
			defaultConfigurationIsVisible = 0;
			defaultConfigurationName = Release;
		};
/* End XCConfigurationList section */
	};
	rootObject = 023A88F0188E613F002465F4 /* Project object */;
}
